
Microsoft Visual Studio Solution File, Format Version 12.00
Project("{FAE04EC0-301F-11D3-BF4B-00C04F79EFBC}") = "TrickingLibrary.API", "TrickingLibrary.API\TrickingLibrary.API.csproj", "{E0DC69E4-9CC8-4075-B145-26740FCA4624}"
EndProject
Project("{FAE04EC0-301F-11D3-BF4B-00C04F79EFBC}") = "TrickingLibrary.Models", "TrickingLibrary.Models\TrickingLibrary.Models.csproj", "{79961E63-A596-45BF-AF06-8DD5AEB68FD7}"
EndProject
Project("{FAE04EC0-301F-11D3-BF4B-00C04F79EFBC}") = "TrickingLibrary.Data", "TrickingLibrary.Data\TrickingLibrary.Data.csproj", "{04AFD0C8-06B5-4B8E-AC9B-A6E09A94F478}"
EndProject
Global
	GlobalSection(SolutionConfigurationPlatforms) = preSolution
		Debug|Any CPU = Debug|Any CPU
		Release|Any CPU = Release|Any CPU
	EndGlobalSection
	GlobalSection(ProjectConfigurationPlatforms) = postSolution
		{E0DC69E4-9CC8-4075-B145-26740FCA4624}.Debug|Any CPU.ActiveCfg = Debug|Any CPU
		{E0DC69E4-9CC8-4075-B145-26740FCA4624}.Debug|Any CPU.Build.0 = Debug|Any CPU
		{E0DC69E4-9CC8-4075-B145-26740FCA4624}.Release|Any CPU.ActiveCfg = Release|Any CPU
		{E0DC69E4-9CC8-4075-B145-26740FCA4624}.Release|Any CPU.Build.0 = Release|Any CPU
		{79961E63-A596-45BF-AF06-8DD5AEB68FD7}.Debug|Any CPU.ActiveCfg = Debug|Any CPU
		{79961E63-A596-45BF-AF06-8DD5AEB68FD7}.Debug|Any CPU.Build.0 = Debug|Any CPU
		{79961E63-A596-45BF-AF06-8DD5AEB68FD7}.Release|Any CPU.ActiveCfg = Release|Any CPU
		{79961E63-A596-45BF-AF06-8DD5AEB68FD7}.Release|Any CPU.Build.0 = Release|Any CPU
		{04AFD0C8-06B5-4B8E-AC9B-A6E09A94F478}.Debug|Any CPU.ActiveCfg = Debug|Any CPU
		{04AFD0C8-06B5-4B8E-AC9B-A6E09A94F478}.Debug|Any CPU.Build.0 = Debug|Any CPU
		{04AFD0C8-06B5-4B8E-AC9B-A6E09A94F478}.Release|Any CPU.ActiveCfg = Release|Any CPU
		{04AFD0C8-06B5-4B8E-AC9B-A6E09A94F478}.Release|Any CPU.Build.0 = Release|Any CPU
	EndGlobalSection
EndGlobal
